
Microsoft Visual Studio Solution File, Format Version 12.00
# Visual Studio Version 17
VisualStudioVersion = 17.0.31919.166
MinimumVisualStudioVersion = 10.0.40219.1
Project("{FAE04EC0-301F-11D3-BF4B-00C04F79EFBC}") = "TelegramBot_1", "TelegramBot_1\TelegramBot_1.csproj", "{176835F0-6854-4233-9BF6-A6CB9A3F0C62}"
EndProject
Global
	GlobalSection(SolutionConfigurationPlatforms) = preSolution
		Debug|Any CPU = Debug|Any CPU
		Release|Any CPU = Release|Any CPU
	EndGlobalSection
	GlobalSection(ProjectConfigurationPlatforms) = postSolution
		{176835F0-6854-4233-9BF6-A6CB9A3F0C62}.Debug|Any CPU.ActiveCfg = Debug|Any CPU
		{176835F0-6854-4233-9BF6-A6CB9A3F0C62}.Debug|Any CPU.Build.0 = Debug|Any CPU
		{176835F0-6854-4233-9BF6-A6CB9A3F0C62}.Release|Any CPU.ActiveCfg = Release|Any CPU
		{176835F0-6854-4233-9BF6-A6CB9A3F0C62}.Release|Any CPU.Build.0 = Release|Any CPU
	EndGlobalSection
	GlobalSection(SolutionProperties) = preSolution
		HideSolutionNode = FALSE
	EndGlobalSection
	GlobalSection(ExtensibilityGlobals) = postSolution
		SolutionGuid = {B5D78DA1-C1FC-4D66-9489-441A79253A1D}
	EndGlobalSection
EndGlobal
